
Microsoft Visual Studio Solution File, Format Version 12.00
# Visual Studio Version 16
VisualStudioVersion = 16.0.29613.14
MinimumVisualStudioVersion = 10.0.40219.1
Project("{8BC9CEB8-8B4A-11D0-8D11-00A0C91BC942}") = "NetBin", "NetBin\NetBin.vcxproj", "{F29044BA-1D73-427C-9ABB-C5458DFB1C5A}"
EndProject
Project("{8BC9CEB8-8B4A-11D0-8D11-00A0C91BC942}") = "NetBinSocket", "NetBinSocket\NetBinSocket.vcxproj", "{47D7DFBE-6520-4108-9236-6174D7D8689B}"
EndProject
Project("{8BC9CEB8-8B4A-11D0-8D11-00A0C91BC942}") = "NetBinSocketClient", "NetBinSocketClient\NetBinSocketClient.vcxproj", "{F07BFEB2-3056-4609-AC6A-38E743434C65}"
EndProject
Global
	GlobalSection(SolutionConfigurationPlatforms) = preSolution
		Debug|x64 = Debug|x64
		Debug|x86 = Debug|x86
		Release|x64 = Release|x64
		Release|x86 = Release|x86
	EndGlobalSection
	GlobalSection(ProjectConfigurationPlatforms) = postSolution
		{F29044BA-1D73-427C-9ABB-C5458DFB1C5A}.Debug|x64.ActiveCfg = Debug|x64
		{F29044BA-1D73-427C-9ABB-C5458DFB1C5A}.Debug|x64.Build.0 = Debug|x64
		{F29044BA-1D73-427C-9ABB-C5458DFB1C5A}.Debug|x86.ActiveCfg = Debug|Win32
		{F29044BA-1D73-427C-9ABB-C5458DFB1C5A}.Debug|x86.Build.0 = Debug|Win32
		{F29044BA-1D73-427C-9ABB-C5458DFB1C5A}.Release|x64.ActiveCfg = Release|x64
		{F29044BA-1D73-427C-9ABB-C5458DFB1C5A}.Release|x64.Build.0 = Release|x64
		{F29044BA-1D73-427C-9ABB-C5458DFB1C5A}.Release|x86.ActiveCfg = Release|Win32
		{F29044BA-1D73-427C-9ABB-C5458DFB1C5A}.Release|x86.Build.0 = Release|Win32
		{47D7DFBE-6520-4108-9236-6174D7D8689B}.Debug|x64.ActiveCfg = Debug|x64
		{47D7DFBE-6520-4108-9236-6174D7D8689B}.Debug|x64.Build.0 = Debug|x64
		{47D7DFBE-6520-4108-9236-6174D7D8689B}.Debug|x86.ActiveCfg = Debug|Win32
		{47D7DFBE-6520-4108-9236-6174D7D8689B}.Debug|x86.Build.0 = Debug|Win32
		{47D7DFBE-6520-4108-9236-6174D7D8689B}.Release|x64.ActiveCfg = Release|x64
		{47D7DFBE-6520-4108-9236-6174D7D8689B}.Release|x64.Build.0 = Release|x64
		{47D7DFBE-6520-4108-9236-6174D7D8689B}.Release|x86.ActiveCfg = Release|Win32
		{47D7DFBE-6520-4108-9236-6174D7D8689B}.Release|x86.Build.0 = Release|Win32
		{F07BFEB2-3056-4609-AC6A-38E743434C65}.Debug|x64.ActiveCfg = Debug|x64
		{F07BFEB2-3056-4609-AC6A-38E743434C65}.Debug|x64.Build.0 = Debug|x64
		{F07BFEB2-3056-4609-AC6A-38E743434C65}.Debug|x86.ActiveCfg = Debug|Win32
		{F07BFEB2-3056-4609-AC6A-38E743434C65}.Debug|x86.Build.0 = Debug|Win32
		{F07BFEB2-3056-4609-AC6A-38E743434C65}.Release|x64.ActiveCfg = Release|x64
		{F07BFEB2-3056-4609-AC6A-38E743434C65}.Release|x64.Build.0 = Release|x64
		{F07BFEB2-3056-4609-AC6A-38E743434C65}.Release|x86.ActiveCfg = Release|Win32
		{F07BFEB2-3056-4609-AC6A-38E743434C65}.Release|x86.Build.0 = Release|Win32
	EndGlobalSection
	GlobalSection(SolutionProperties) = preSolution
		HideSolutionNode = FALSE
	EndGlobalSection
	GlobalSection(ExtensibilityGlobals) = postSolution
		SolutionGuid = {A02C5DC3-C28C-4E15-9348-6CE9CAF2818B}
	EndGlobalSection
EndGlobal
